// !$*UTF8*$!
{
	archiveVersion = 1;
	classes = {
	};
	objectVersion = 50;
	objects = {

/* Begin PBXBuildFile section */
		5881B9DC253319B000BC483A /* MultiButtonApp.swift in Sources */ = {isa = PBXBuildFile; fileRef = 5881B9C9253319AE00BC483A /* MultiButtonApp.swift */; };
		5881B9DD253319B000BC483A /* MultiButtonApp.swift in Sources */ = {isa = PBXBuildFile; fileRef = 5881B9C9253319AE00BC483A /* MultiButtonApp.swift */; };
		5881B9DE253319B000BC483A /* ContentView.swift in Sources */ = {isa = PBXBuildFile; fileRef = 5881B9CA253319AE00BC483A /* ContentView.swift */; };
		5881B9DF253319B000BC483A /* ContentView.swift in Sources */ = {isa = PBXBuildFile; fileRef = 5881B9CA253319AE00BC483A /* ContentView.swift */; };
		5881B9E0253319B000BC483A /* Assets.xcassets in Resources */ = {isa = PBXBuildFile; fileRef = 5881B9CB253319B000BC483A /* Assets.xcassets */; };
		5881B9E1253319B000BC483A /* Assets.xcassets in Resources */ = {isa = PBXBuildFile; fileRef = 5881B9CB253319B000BC483A /* Assets.xcassets */; };
		5881B9ED253319D900BC483A /* MultiButton.swift in Sources */ = {isa = PBXBuildFile; fileRef = 5881B9EC253319D900BC483A /* MultiButton.swift */; };
		5881B9EE253319D900BC483A /* MultiButton.swift in Sources */ = {isa = PBXBuildFile; fileRef = 5881B9EC253319D900BC483A /* MultiButton.swift */; };
/* End PBXBuildFile section */

/* Begin PBXFileReference section */
		5881B9C9253319AE00BC483A /* MultiButtonApp.swift */ = {isa = PBXFileReference; lastKnownFileType = sourcecode.swift; path = MultiButtonApp.swift; sourceTree = "<group>"; };
		5881B9CA253319AE00BC483A /* ContentView.swift */ = {isa = PBXFileReference; lastKnownFileType = sourcecode.swift; path = ContentView.swift; sourceTree = "<group>"; };
		5881B9CB253319B000BC483A /* Assets.xcassets */ = {isa = PBXFileReference; lastKnownFileType = folder.assetcatalog; path = Assets.xcassets; sourceTree = "<group>"; };
		5881B9D0253319B000BC483A /* MultiButton.app */ = {isa = PBXFileReference; explicitFileType = wrapper.application; includeInIndex = 0; path = MultiButton.app; sourceTree = BUILT_PRODUCTS_DIR; };
		5881B9D3253319B000BC483A /* Info.plist */ = {isa = PBXFileReference; lastKnownFileType = text.plist.xml; path = Info.plist; sourceTree = "<group>"; };
		5881B9D8253319B000BC483A /* MultiButton.app */ = {isa = PBXFileReference; explicitFileType = wrapper.application; includeInIndex = 0; path = MultiButton.app; sourceTree = BUILT_PRODUCTS_DIR; };
		5881B9DA253319B000BC483A /* Info.plist */ = {isa = PBXFileReference; lastKnownFileType = text.plist.xml; path = Info.plist; sourceTree = "<group>"; };
		5881B9DB253319B000BC483A /* macOS.entitlements */ = {isa = PBXFileReference; lastKnownFileType = text.plist.entitlements; path = macOS.entitlements; sourceTree = "<group>"; };
		5881B9EC253319D900BC483A /* MultiButton.swift */ = {isa = PBXFileReference; lastKnownFileType = sourcecode.swift; path = MultiButton.swift; sourceTree = "<group>"; };
/* End PBXFileReference section */

/* Begin PBXFrameworksBuildPhase section */
		5881B9CD253319B000BC483A /* Frameworks */ = {
			isa = PBXFrameworksBuildPhase;
			buildActionMask = 2147483647;
			files = (
			);
			runOnlyForDeploymentPostprocessing = 0;
		};
		5881B9D5253319B000BC483A /* Frameworks */ = {
			isa = PBXFrameworksBuildPhase;
			buildActionMask = 2147483647;
			files = (
			);
			runOnlyForDeploymentPostprocessing = 0;
		};
/* End PBXFrameworksBuildPhase section */

/* Begin PBXGroup section */
		5881B9C3253319AE00BC483A = {
			isa = PBXGroup;
			children = (
				5881B9C8253319AE00BC483A /* Shared */,
				5881B9D2253319B000BC483A /* iOS */,
				5881B9D9253319B000BC483A /* macOS */,
				5881B9D1253319B000BC483A /* Products */,
			);
			sourceTree = "<group>";
		};
		5881B9C8253319AE00BC483A /* Shared */ = {
			isa = PBXGroup;
			children = (
				5881B9C9253319AE00BC483A /* MultiButtonApp.swift */,
				5881B9CA253319AE00BC483A /* ContentView.swift */,
				5881B9CB253319B000BC483A /* Assets.xcassets */,
				5881B9EC253319D900BC483A /* MultiButton.swift */,
			);
			path = Shared;
			sourceTree = "<group>";
		};
		5881B9D1253319B000BC483A /* Products */ = {
			isa = PBXGroup;
			children = (
				5881B9D0253319B000BC483A /* MultiButton.app */,
				5881B9D8253319B000BC483A /* MultiButton.app */,
			);
			name = Products;
			sourceTree = "<group>";
		};
		5881B9D2253319B000BC483A /* iOS */ = {
			isa = PBXGroup;
			children = (
				5881B9D3253319B000BC483A /* Info.plist */,
			);
			path = iOS;
			sourceTree = "<group>";
		};
		5881B9D9253319B000BC483A /* macOS */ = {
			isa = PBXGroup;
			children = (
				5881B9DA253319B000BC483A /* Info.plist */,
				5881B9DB253319B000BC483A /* macOS.entitlements */,
			);
			path = macOS;
			sourceTree = "<group>";
		};
/* End PBXGroup section */

/* Begin PBXNativeTarget section */
		5881B9CF253319B000BC483A /* MultiButton (iOS) */ = {
			isa = PBXNativeTarget;
			buildConfigurationList = 5881B9E4253319B000BC483A /* Build configuration list for PBXNativeTarget "MultiButton (iOS)" */;
			buildPhases = (
				5881B9CC253319B000BC483A /* Sources */,
				5881B9CD253319B000BC483A /* Frameworks */,
				5881B9CE253319B000BC483A /* Resources */,
			);
			buildRules = (
			);
			dependencies = (
			);
			name = "MultiButton (iOS)";
			productName = "MultiButton (iOS)";
			productReference = 5881B9D0253319B000BC483A /* MultiButton.app */;
			productType = "com.apple.product-type.application";
		};
		5881B9D7253319B000BC483A /* MultiButton (macOS) */ = {
			isa = PBXNativeTarget;
			buildConfigurationList = 5881B9E7253319B000BC483A /* Build configuration list for PBXNativeTarget "MultiButton (macOS)" */;
			buildPhases = (
				5881B9D4253319B000BC483A /* Sources */,
				5881B9D5253319B000BC483A /* Frameworks */,
				5881B9D6253319B000BC483A /* Resources */,
			);
			buildRules = (
			);
			dependencies = (
			);
			name = "MultiButton (macOS)";
			productName = "MultiButton (macOS)";
			productReference = 5881B9D8253319B000BC483A /* MultiButton.app */;
			productType = "com.apple.product-type.application";
		};
/* End PBXNativeTarget section */

/* Begin PBXProject section */
		5881B9C4253319AE00BC483A /* Project object */ = {
			isa = PBXProject;
			attributes = {
				LastSwiftUpdateCheck = 1220;
				LastUpgradeCheck = 1220;
				TargetAttributes = {
					5881B9CF253319B000BC483A = {
						CreatedOnToolsVersion = 12.2;
					};
					5881B9D7253319B000BC483A = {
						CreatedOnToolsVersion = 12.2;
					};
				};
			};
			buildConfigurationList = 5881B9C7253319AE00BC483A /* Build configuration list for PBXProject "MultiButton" */;
			compatibilityVersion = "Xcode 9.3";
			developmentRegion = en;
			hasScannedForEncodings = 0;
			knownRegions = (
				en,
				Base,
			);
			mainGroup = 5881B9C3253319AE00BC483A;
			productRefGroup = 5881B9D1253319B000BC483A /* Products */;
			projectDirPath = "";
			projectRoot = "";
			targets = (
				5881B9CF253319B000BC483A /* MultiButton (iOS) */,
				5881B9D7253319B000BC483A /* MultiButton (macOS) */,
			);
		};
/* End PBXProject section */

/* Begin PBXResourcesBuildPhase section */
		5881B9CE253319B000BC483A /* Resources */ = {
			isa = PBXResourcesBuildPhase;
			buildActionMask = 2147483647;
			files = (
				5881B9E0253319B000BC483A /* Assets.xcassets in Resources */,
			);
			runOnlyForDeploymentPostprocessing = 0;
		};
		5881B9D6253319B000BC483A /* Resources */ = {
			isa = PBXResourcesBuildPhase;
			buildActionMask = 2147483647;
			files = (
				5881B9E1253319B000BC483A /* Assets.xcassets in Resources */,
			);
			runOnlyForDeploymentPostprocessing = 0;
		};
/* End PBXResourcesBuildPhase section */

/* Begin PBXSourcesBuildPhase section */
		5881B9CC253319B000BC483A /* Sources */ = {
			isa = PBXSourcesBuildPhase;
			buildActionMask = 2147483647;
			files = (
				5881B9ED253319D900BC483A /* MultiButton.swift in Sources */,
				5881B9DE253319B000BC483A /* ContentView.swift in Sources */,
				5881B9DC253319B000BC483A /* MultiButtonApp.swift in Sources */,
			);
			runOnlyForDeploymentPostprocessing = 0;
		};
		5881B9D4253319B000BC483A /* Sources */ = {
			isa = PBXSourcesBuildPhase;
			buildActionMask = 2147483647;
			files = (
				5881B9EE253319D900BC483A /* MultiButton.swift in Sources */,
				5881B9DF253319B000BC483A /* ContentView.swift in Sources */,
				5881B9DD253319B000BC483A /* MultiButtonApp.swift in Sources */,
			);
			runOnlyForDeploymentPostprocessing = 0;
		};
/* End PBXSourcesBuildPhase section */

/* Begin XCBuildConfiguration section */
		5881B9E2253319B000BC483A /* Debug */ = {
			isa = XCBuildConfiguration;
			buildSettings = {
				ALWAYS_SEARCH_USER_PATHS = NO;
				CLANG_ANALYZER_NONNULL = YES;
				CLANG_ANALYZER_NUMBER_OBJECT_CONVERSION = YES_AGGRESSIVE;
				CLANG_CXX_LANGUAGE_STANDARD = "gnu++14";
				CLANG_CXX_LIBRARY = "libc++";
				CLANG_ENABLE_MODULES = YES;
				CLANG_ENABLE_OBJC_ARC = YES;
				CLANG_ENABLE_OBJC_WEAK = YES;
				CLANG_WARN_BLOCK_CAPTURE_AUTORELEASING = YES;
				CLANG_WARN_BOOL_CONVERSION = YES;
				CLANG_WARN_COMMA = YES;
				CLANG_WARN_CONSTANT_CONVERSION = YES;
				CLANG_WARN_DEPRECATED_OBJC_IMPLEMENTATIONS = YES;
				CLANG_WARN_DIRECT_OBJC_ISA_USAGE = YES_ERROR;
				CLANG_WARN_DOCUMENTATION_COMMENTS = YES;
				CLANG_WARN_EMPTY_BODY = YES;
				CLANG_WARN_ENUM_CONVERSION = YES;
				CLANG_WARN_INFINITE_RECURSION = YES;
				CLANG_WARN_INT_CONVERSION = YES;
				CLANG_WARN_NON_LITERAL_NULL_CONVERSION = YES;
				CLANG_WARN_OBJC_IMPLICIT_RETAIN_SELF = YES;
				CLANG_WARN_OBJC_LITERAL_CONVERSION = YES;
				CLANG_WARN_OBJC_ROOT_CLASS = YES_ERROR;
				CLANG_WARN_QUOTED_INCLUDE_IN_FRAMEWORK_HEADER = YES;
				CLANG_WARN_RANGE_LOOP_ANALYSIS = YES;
				CLANG_WARN_STRICT_PROTOTYPES = YES;
				CLANG_WARN_SUSPICIOUS_MOVE = YES;
				CLANG_WARN_UNGUARDED_AVAILABILITY = YES_AGGRESSIVE;
				CLANG_WARN_UNREACHABLE_CODE = YES;
				CLANG_WARN__DUPLICATE_METHOD_MATCH = YES;
				COPY_PHASE_STRIP = NO;
				DEBUG_INFORMATION_FORMAT = dwarf;
				ENABLE_STRICT_OBJC_MSGSEND = YES;
				ENABLE_TESTABILITY = YES;
				GCC_C_LANGUAGE_STANDARD = gnu11;
				GCC_DYNAMIC_NO_PIC = NO;
				GCC_NO_COMMON_BLOCKS = YES;
				GCC_OPTIMIZATION_LEVEL = 0;
				GCC_PREPROCESSOR_DEFINITIONS = (
					"DEBUG=1",
					"$(inherited)",
				);
				GCC_WARN_64_TO_32_BIT_CONVERSION = YES;
				GCC_WARN_ABOUT_RETURN_TYPE = YES_ERROR;
				GCC_WARN_UNDECLARED_SELECTOR = YES;
				GCC_WARN_UNINITIALIZED_AUTOS = YES_AGGRESSIVE;
				GCC_WARN_UNUSED_FUNCTION = YES;
				GCC_WARN_UNUSED_VARIABLE = YES;
				MTL_ENABLE_DEBUG_INFO = INCLUDE_SOURCE;
				MTL_FAST_MATH = YES;
				ONLY_ACTIVE_ARCH = YES;
				SWIFT_ACTIVE_COMPILATION_CONDITIONS = DEBUG;
				SWIFT_OPTIMIZATION_LEVEL = "-Onone";
			};
			name = Debug;
		};
		5881B9E3253319B000BC483A /* Release */ = {
			isa = XCBuildConfiguration;
			buildSettings = {
				ALWAYS_SEARCH_USER_PATHS = NO;
				CLANG_ANALYZER_NONNULL = YES;
				CLANG_ANALYZER_NUMBER_OBJECT_CONVERSION = YES_AGGRESSIVE;
				CLANG_CXX_LANGUAGE_STANDARD = "gnu++14";
				CLANG_CXX_LIBRARY = "libc++";
				CLANG_ENABLE_MODULES = YES;
				CLANG_ENABLE_OBJC_ARC = YES;
				CLANG_ENABLE_OBJC_WEAK = YES;
				CLANG_WARN_BLOCK_CAPTURE_AUTORELEASING = YES;
				CLANG_WARN_BOOL_CONVERSION = YES;
				CLANG_WARN_COMMA = YES;
				CLANG_WARN_CONSTANT_CONVERSION = YES;
				CLANG_WARN_DEPRECATED_OBJC_IMPLEMENTATIONS = YES;
				CLANG_WARN_DIRECT_OBJC_ISA_USAGE = YES_ERROR;
				CLANG_WARN_DOCUMENTATION_COMMENTS = YES;
				CLANG_WARN_EMPTY_BODY = YES;
				CLANG_WARN_ENUM_CONVERSION = YES;
				CLANG_WARN_INFINITE_RECURSION = YES;
				CLANG_WARN_INT_CONVERSION = YES;
				CLANG_WARN_NON_LITERAL_NULL_CONVERSION = YES;
				CLANG_WARN_OBJC_IMPLICIT_RETAIN_SELF = YES;
				CLANG_WARN_OBJC_LITERAL_CONVERSION = YES;
				CLANG_WARN_OBJC_ROOT_CLASS = YES_ERROR;
				CLANG_WARN_QUOTED_INCLUDE_IN_FRAMEWORK_HEADER = YES;
				CLANG_WARN_RANGE_LOOP_ANALYSIS = YES;
				CLANG_WARN_STRICT_PROTOTYPES = YES;
				CLANG_WARN_SUSPICIOUS_MOVE = YES;
				CLANG_WARN_UNGUARDED_AVAILABILITY = YES_AGGRESSIVE;
				CLANG_WARN_UNREACHABLE_CODE = YES;
				CLANG_WARN__DUPLICATE_METHOD_MATCH = YES;
				COPY_PHASE_STRIP = NO;
				DEBUG_INFORMATION_FORMAT = "dwarf-with-dsym";
				ENABLE_NS_ASSERTIONS = NO;
				ENABLE_STRICT_OBJC_MSGSEND = YES;
				GCC_C_LANGUAGE_STANDARD = gnu11;
				GCC_NO_COMMON_BLOCKS = YES;
				GCC_WARN_64_TO_32_BIT_CONVERSION = YES;
				GCC_WARN_ABOUT_RETURN_TYPE = YES_ERROR;
				GCC_WARN_UNDECLARED_SELECTOR = YES;
				GCC_WARN_UNINITIALIZED_AUTOS = YES_AGGRESSIVE;
				GCC_WARN_UNUSED_FUNCTION = YES;
				GCC_WARN_UNUSED_VARIABLE = YES;
				MTL_ENABLE_DEBUG_INFO = NO;
				MTL_FAST_MATH = YES;
				SWIFT_COMPILATION_MODE = wholemodule;
				SWIFT_OPTIMIZATION_LEVEL = "-O";
			};
			name = Release;
		};
		5881B9E5253319B000BC483A /* Debug */ = {
			isa = XCBuildConfiguration;
			buildSettings = {
				ASSETCATALOG_COMPILER_APPICON_NAME = AppIcon;
				ASSETCATALOG_COMPILER_GLOBAL_ACCENT_COLOR_NAME = AccentColor;
				CODE_SIGN_STYLE = Automatic;
				DEVELOPMENT_TEAM = 6VN6ZUNFSM;
				ENABLE_PREVIEWS = YES;
				INFOPLIST_FILE = iOS/Info.plist;
				IPHONEOS_DEPLOYMENT_TARGET = 14.0;
				LD_RUNPATH_SEARCH_PATHS = (
					"$(inherited)",
					"@executable_path/Frameworks",
				);
				PRODUCT_BUNDLE_IDENTIFIER = com.robinkment.multibutton.MultiButton;
				PRODUCT_NAME = MultiButton;
				SDKROOT = iphoneos;
				SWIFT_VERSION = 5.0;
				TARGETED_DEVICE_FAMILY = "1,2";
			};
			name = Debug;
		};
		5881B9E6253319B000BC483A /* Release */ = {
			isa = XCBuildConfiguration;
			buildSettings = {
				ASSETCATALOG_COMPILER_APPICON_NAME = AppIcon;
				ASSETCATALOG_COMPILER_GLOBAL_ACCENT_COLOR_NAME = AccentColor;
				CODE_SIGN_STYLE = Automatic;
				DEVELOPMENT_TEAM = 6VN6ZUNFSM;
				ENABLE_PREVIEWS = YES;
				INFOPLIST_FILE = iOS/Info.plist;
				IPHONEOS_DEPLOYMENT_TARGET = 14.0;
				LD_RUNPATH_SEARCH_PATHS = (
					"$(inherited)",
					"@executable_path/Frameworks",
				);
				PRODUCT_BUNDLE_IDENTIFIER = com.robinkment.multibutton.MultiButton;
				PRODUCT_NAME = MultiButton;
				SDKROOT = iphoneos;
				SWIFT_VERSION = 5.0;
				TARGETED_DEVICE_FAMILY = "1,2";
				VALIDATE_PRODUCT = YES;
			};
			name = Release;
		};
		5881B9E8253319B000BC483A /* Debug */ = {
			isa = XCBuildConfiguration;
			buildSettings = {
				ASSETCATALOG_COMPILER_APPICON_NAME = AppIcon;
				ASSETCATALOG_COMPILER_GLOBAL_ACCENT_COLOR_NAME = AccentColor;
				CODE_SIGN_ENTITLEMENTS = macOS/macOS.entitlements;
				CODE_SIGN_STYLE = Automatic;
				COMBINE_HIDPI_IMAGES = YES;
				DEVELOPMENT_TEAM = 6VN6ZUNFSM;
				ENABLE_HARDENED_RUNTIME = YES;
				ENABLE_PREVIEWS = YES;
				INFOPLIST_FILE = macOS/Info.plist;
				LD_RUNPATH_SEARCH_PATHS = (
					"$(inherited)",
					"@executable_path/../Frameworks",
				);
				MACOSX_DEPLOYMENT_TARGET = 11.0;
				PRODUCT_BUNDLE_IDENTIFIER = com.robinkment.multibutton.MultiButton;
				PRODUCT_NAME = MultiButton;
				SDKROOT = macosx;
				SWIFT_VERSION = 5.0;
			};
			name = Debug;
		};
		5881B9E9253319B000BC483A /* Release */ = {
			isa = XCBuildConfiguration;
			buildSettings = {
				ASSETCATALOG_COMPILER_APPICON_NAME = AppIcon;
				ASSETCATALOG_COMPILER_GLOBAL_ACCENT_COLOR_NAME = AccentColor;
				CODE_SIGN_ENTITLEMENTS = macOS/macOS.entitlements;
				CODE_SIGN_STYLE = Automatic;
				COMBINE_HIDPI_IMAGES = YES;
				DEVELOPMENT_TEAM = 6VN6ZUNFSM;
				ENABLE_HARDENED_RUNTIME = YES;
				ENABLE_PREVIEWS = YES;
				INFOPLIST_FILE = macOS/Info.plist;
				LD_RUNPATH_SEARCH_PATHS = (
					"$(inherited)",
					"@executable_path/../Frameworks",
				);
				MACOSX_DEPLOYMENT_TARGET = 11.0;
				PRODUCT_BUNDLE_IDENTIFIER = com.robinkment.multibutton.MultiButton;
				PRODUCT_NAME = MultiButton;
				SDKROOT = macosx;
				SWIFT_VERSION = 5.0;
			};
			name = Release;
		};
/* End XCBuildConfiguration section */

/* Begin XCConfigurationList section */
		5881B9C7253319AE00BC483A /* Build configuration list for PBXProject "MultiButton" */ = {
			isa = XCConfigurationList;
			buildConfigurations = (
				5881B9E2253319B000BC483A /* Debug */,
				5881B9E3253319B000BC483A /* Release */,
			);
			defaultConfigurationIsVisible = 0;
			defaultConfigurationName = Release;
		};
		5881B9E4253319B000BC483A /* Build configuration list for PBXNativeTarget "MultiButton (iOS)" */ = {
			isa = XCConfigurationList;
			buildConfigurations = (
				5881B9E5253319B000BC483A /* Debug */,
				5881B9E6253319B000BC483A /* Release */,
			);
			defaultConfigurationIsVisible = 0;
			defaultConfigurationName = Release;
		};
		5881B9E7253319B000BC483A /* Build configuration list for PBXNativeTarget "MultiButton (macOS)" */ = {
			isa = XCConfigurationList;
			buildConfigurations = (
				5881B9E8253319B000BC483A /* Debug */,
				5881B9E9253319B000BC483A /* Release */,
			);
			defaultConfigurationIsVisible = 0;
			defaultConfigurationName = Release;
		};
/* End XCConfigurationList section */
	};
	rootObject = 5881B9C4253319AE00BC483A /* Project object */;
}
